<?xml version="1.0" encoding="utf-8"?>
<Project ToolsVersion="4.0" xmlns="http://schemas.microsoft.com/developer/msbuild/2003">
  <ItemGroup>
    <Filter Include="Source Files">
      <UniqueIdentifier>{4FC737F1-C7A5-4376-A066-2A32D752A2FF}</UniqueIdentifier>
      <Extensions>cpp;c;cc;cxx;c++;cppm;ixx;def;odl;idl;hpj;bat;asm;asmx</Extensions>
    </Filter>
    <Filter Include="Header Files">
      <UniqueIdentifier>{93995380-89BD-4b04-88EB-625FBE52EBFB}</UniqueIdentifier>
      <Extensions>h;hh;hpp;hxx;h++;hm;inl;inc;ipp;xsd</Extensions>
    </Filter>
    <Filter Include="Resource Files">
      <UniqueIdentifier>{67DA6AB6-F800-4c08-8B7A-83BB121AAD01}</UniqueIdentifier>
      <Extensions>rc;ico;cur;bmp;dlg;rc2;rct;bin;rgs;gif;jpg;jpeg;jpe;resx;tiff;tif;png;wav;mfcribbon-ms</Extensions>
    </Filter>
  </ItemGroup>
  <ItemGroup>
    <ClCompile Include="BP_PK_CV_prototype.cpp">
      <Filter>Source Files</Filter>
    </ClCompile>
    <ClCompile Include="CImage.cpp">
      <Filter>Source Files</Filter>
    </ClCompile>
    <ClCompile Include="CImagesMatch.cpp">
      <Filter>Source Files</Filter>
    </ClCompile>
    <ClCompile Include="CObjectInSceneFinder.cpp">
      <Filter>Source Files</Filter>
    </ClCompile>
    <ClCompile Include="CRuntimeLogger.cpp">
      <Filter>Source Files</Filter>
    </ClCompile>
    <ClCompile Include="COstreamLogger.cpp">
      <Filter>Source Files</Filter>
    </ClCompile>
    <ClCompile Include="CFileLogger.cpp">
      <Filter>Source Files</Filter>
    </ClCompile>
    <ClCompile Include="COperator.cpp">
      <Filter>Source Files</Filter>
    </ClCompile>
    <ClCompile Include="SProcessParams.cpp">
      <Filter>Source Files</Filter>
    </ClCompile>
    <ClCompile Include="SpaceModule.cpp">
      <Filter>Source Files</Filter>
    </ClCompile>
    <ClCompile Include="CImageLocator3D.cpp">
      <Filter>Source Files</Filter>
    </ClCompile>
    <ClCompile Include="CImageBuilder.cpp">
      <Filter>Source Files</Filter>
    </ClCompile>
    <ClCompile Include="CFileLoader.cpp">
      <Filter>Source Files</Filter>
    </ClCompile>
    <ClCompile Include="SpecializedInputOutput.cpp">
      <Filter>Source Files</Filter>
    </ClCompile>
  </ItemGroup>
  <ItemGroup>
    <ClInclude Include="CLogger.h">
      <Filter>Header Files</Filter>
    </ClInclude>
    <ClInclude Include="CRuntimeLogger.h">
      <Filter>Header Files</Filter>
    </ClInclude>
    <ClInclude Include="CImage.h">
      <Filter>Header Files</Filter>
    </ClInclude>
    <ClInclude Include="CImagesMatch.h">
      <Filter>Header Files</Filter>
    </ClInclude>
    <ClInclude Include="CObjectInSceneFinder.h">
      <Filter>Header Files</Filter>
    </ClInclude>
    <ClInclude Include="COstreamLogger.h">
      <Filter>Header Files</Filter>
    </ClInclude>
    <ClInclude Include="CFileLogger.h">
      <Filter>Header Files</Filter>
    </ClInclude>
    <ClInclude Include="SProcessParams.h">
      <Filter>Header Files</Filter>
    </ClInclude>
    <ClInclude Include="COperator.h">
      <Filter>Header Files</Filter>
    </ClInclude>
    <ClInclude Include="experimentalModules.h">
      <Filter>Header Files</Filter>
    </ClInclude>
    <ClInclude Include="parameters.h">
      <Filter>Header Files</Filter>
    </ClInclude>
    <ClInclude Include="SpaceModule.h">
      <Filter>Header Files</Filter>
    </ClInclude>
    <ClInclude Include="CImageLocator3D.h">
      <Filter>Header Files</Filter>
    </ClInclude>
    <ClInclude Include="SGcsCoords.h">
      <Filter>Header Files</Filter>
    </ClInclude>
    <ClInclude Include="CImageBuilder.h">
      <Filter>Header Files</Filter>
    </ClInclude>
    <ClInclude Include="CFileLoader.h">
      <Filter>Header Files</Filter>
    </ClInclude>
    <ClInclude Include="SpecializedInputOutput.h">
      <Filter>Header Files</Filter>
    </ClInclude>
  </ItemGroup>
</Project>